
Microsoft Visual Studio Solution File, Format Version 9.00
# Visual Studio 2005
Project("{FAE04EC0-301F-11D3-BF4B-00C04F79EFBC}") = "FuzzyLogicController", "FuzzyLogicController.csproj", "{36FE10DA-29DA-45FD-9484-37FDD7EEA368}"
EndProject
Global
	GlobalSection(SolutionConfigurationPlatforms) = preSolution
		Debug|Any CPU = Debug|Any CPU
		Release|Any CPU = Release|Any CPU
	EndGlobalSection
	GlobalSection(ProjectConfigurationPlatforms) = postSolution
		{36FE10DA-29DA-45FD-9484-37FDD7EEA368}.Debug|Any CPU.ActiveCfg = Debug|Any CPU
		{36FE10DA-29DA-45FD-9484-37FDD7EEA368}.Debug|Any CPU.Build.0 = Debug|Any CPU
		{36FE10DA-29DA-45FD-9484-37FDD7EEA368}.Release|Any CPU.ActiveCfg = Release|Any CPU
		{36FE10DA-29DA-45FD-9484-37FDD7EEA368}.Release|Any CPU.Build.0 = Release|Any CPU
	EndGlobalSection
	GlobalSection(SolutionProperties) = preSolution
		HideSolutionNode = FALSE
	EndGlobalSection
EndGlobal
